
Microsoft Visual Studio Solution File, Format Version 12.00
# Visual Studio Version 17
VisualStudioVersion = 17.2.32630.192
MinimumVisualStudioVersion = 10.0.40219.1
Project("{FAE04EC0-301F-11D3-BF4B-00C04F79EFBC}") = "TesteIaraAPI", "TesteIaraAPI\TesteIaraAPI.csproj", "{9ECD60D4-9C66-46AD-9510-9558C2856EFD}"
EndProject
Global
	GlobalSection(SolutionConfigurationPlatforms) = preSolution
		Debug|Any CPU = Debug|Any CPU
		Release|Any CPU = Release|Any CPU
	EndGlobalSection
	GlobalSection(ProjectConfigurationPlatforms) = postSolution
		{9ECD60D4-9C66-46AD-9510-9558C2856EFD}.Debug|Any CPU.ActiveCfg = Debug|Any CPU
		{9ECD60D4-9C66-46AD-9510-9558C2856EFD}.Debug|Any CPU.Build.0 = Debug|Any CPU
		{9ECD60D4-9C66-46AD-9510-9558C2856EFD}.Release|Any CPU.ActiveCfg = Release|Any CPU
		{9ECD60D4-9C66-46AD-9510-9558C2856EFD}.Release|Any CPU.Build.0 = Release|Any CPU
	EndGlobalSection
	GlobalSection(SolutionProperties) = preSolution
		HideSolutionNode = FALSE
	EndGlobalSection
	GlobalSection(ExtensibilityGlobals) = postSolution
		SolutionGuid = {C47AF414-5FAA-4712-8AB9-0E82BCC3A46A}
	EndGlobalSection
EndGlobal
